
Microsoft Visual Studio Solution File, Format Version 12.00
# Visual Studio Version 17
VisualStudioVersion = 17.2.32519.379
MinimumVisualStudioVersion = 10.0.40219.1
Project("{9A19103F-16F7-4668-BE54-9A1E7A4F7556}") = "TestEFCore", "EFCoreRnD\TestEFCore.csproj", "{C835AC5B-ECD9-4356-8015-8C5E0AAEA04C}"
EndProject
Global
	GlobalSection(SolutionConfigurationPlatforms) = preSolution
		Debug|Any CPU = Debug|Any CPU
		Release|Any CPU = Release|Any CPU
	EndGlobalSection
	GlobalSection(ProjectConfigurationPlatforms) = postSolution
		{C835AC5B-ECD9-4356-8015-8C5E0AAEA04C}.Debug|Any CPU.ActiveCfg = Debug|Any CPU
		{C835AC5B-ECD9-4356-8015-8C5E0AAEA04C}.Debug|Any CPU.Build.0 = Debug|Any CPU
		{C835AC5B-ECD9-4356-8015-8C5E0AAEA04C}.Release|Any CPU.ActiveCfg = Release|Any CPU
		{C835AC5B-ECD9-4356-8015-8C5E0AAEA04C}.Release|Any CPU.Build.0 = Release|Any CPU
	EndGlobalSection
	GlobalSection(SolutionProperties) = preSolution
		HideSolutionNode = FALSE
	EndGlobalSection
	GlobalSection(ExtensibilityGlobals) = postSolution
		SolutionGuid = {773C362B-51C4-41F8-9300-7D5E47C47C60}
	EndGlobalSection
	
EndGlobal
